
Microsoft Visual Studio Solution File, Format Version 12.00
# Visual Studio Version 17
VisualStudioVersion = 17.8.34511.84
MinimumVisualStudioVersion = 10.0.40219.1
Project("{FAE04EC0-301F-11D3-BF4B-00C04F79EFBC}") = "ScoreCard", "ScoreCard\ScoreCard.csproj", "{07ABFFC3-1802-4C1F-ADE9-C314259C093B}"
EndProject
Global
	GlobalSection(SolutionConfigurationPlatforms) = preSolution
		Debug|Any CPU = Debug|Any CPU
		Release|Any CPU = Release|Any CPU
	EndGlobalSection
	GlobalSection(ProjectConfigurationPlatforms) = postSolution
		{07ABFFC3-1802-4C1F-ADE9-C314259C093B}.Debug|Any CPU.ActiveCfg = Debug|Any CPU
		{07ABFFC3-1802-4C1F-ADE9-C314259C093B}.Debug|Any CPU.Build.0 = Debug|Any CPU
		{07ABFFC3-1802-4C1F-ADE9-C314259C093B}.Release|Any CPU.ActiveCfg = Release|Any CPU
		{07ABFFC3-1802-4C1F-ADE9-C314259C093B}.Release|Any CPU.Build.0 = Release|Any CPU
	EndGlobalSection
	GlobalSection(SolutionProperties) = preSolution
		HideSolutionNode = FALSE
	EndGlobalSection
	GlobalSection(ExtensibilityGlobals) = postSolution
		SolutionGuid = {6AF0BDA4-0C86-4B0E-ACE2-E703E0957DC2}
	EndGlobalSection
EndGlobal
